
Microsoft Visual Studio Solution File, Format Version 11.00
# Visual Studio 2010
Project("{8BC9CEB8-8B4A-11D0-8D11-00A0C91BC942}") = "desktop_live", "desktop_live\desktop_live.vcxproj", "{2CB79E36-2B2F-4678-8EA7-EA55A4561EAD}"
EndProject
Project("{8BC9CEB8-8B4A-11D0-8D11-00A0C91BC942}") = "capture", "capture\capture.vcxproj", "{FA54D9CF-0D58-4295-B635-F50644D22C7E}"
EndProject
Project("{8BC9CEB8-8B4A-11D0-8D11-00A0C91BC942}") = "log", "log\log.vcxproj", "{9BD5062A-A786-49B6-8E4E-7EDF321D916F}"
EndProject
Project("{8BC9CEB8-8B4A-11D0-8D11-00A0C91BC942}") = "encode", "encode\encode.vcxproj", "{AB7F5642-6A19-477A-97A9-A75869F402A3}"
EndProject
Project("{8BC9CEB8-8B4A-11D0-8D11-00A0C91BC942}") = "capture_test", "..\capture_test\capture_test\capture_test.vcxproj", "{89E1E0C2-8BA2-42D1-8E9C-56FF2C75D08E}"
EndProject
Project("{8BC9CEB8-8B4A-11D0-8D11-00A0C91BC942}") = "encode_test", "encode_test\encode_test.vcxproj", "{D99677BC-0381-4D64-BBFC-5672B57A54DE}"
EndProject
Global
	GlobalSection(SolutionConfigurationPlatforms) = preSolution
		Debug|Win32 = Debug|Win32
		Release|Win32 = Release|Win32
	EndGlobalSection
	GlobalSection(ProjectConfigurationPlatforms) = postSolution
		{2CB79E36-2B2F-4678-8EA7-EA55A4561EAD}.Debug|Win32.ActiveCfg = Debug|Win32
		{2CB79E36-2B2F-4678-8EA7-EA55A4561EAD}.Debug|Win32.Build.0 = Debug|Win32
		{2CB79E36-2B2F-4678-8EA7-EA55A4561EAD}.Release|Win32.ActiveCfg = Release|Win32
		{2CB79E36-2B2F-4678-8EA7-EA55A4561EAD}.Release|Win32.Build.0 = Release|Win32
		{FA54D9CF-0D58-4295-B635-F50644D22C7E}.Debug|Win32.ActiveCfg = Debug|Win32
		{FA54D9CF-0D58-4295-B635-F50644D22C7E}.Debug|Win32.Build.0 = Debug|Win32
		{FA54D9CF-0D58-4295-B635-F50644D22C7E}.Release|Win32.ActiveCfg = Release|Win32
		{FA54D9CF-0D58-4295-B635-F50644D22C7E}.Release|Win32.Build.0 = Release|Win32
		{9BD5062A-A786-49B6-8E4E-7EDF321D916F}.Debug|Win32.ActiveCfg = Debug|Win32
		{9BD5062A-A786-49B6-8E4E-7EDF321D916F}.Debug|Win32.Build.0 = Debug|Win32
		{9BD5062A-A786-49B6-8E4E-7EDF321D916F}.Release|Win32.ActiveCfg = Release|Win32
		{9BD5062A-A786-49B6-8E4E-7EDF321D916F}.Release|Win32.Build.0 = Release|Win32
		{AB7F5642-6A19-477A-97A9-A75869F402A3}.Debug|Win32.ActiveCfg = Debug|Win32
		{AB7F5642-6A19-477A-97A9-A75869F402A3}.Debug|Win32.Build.0 = Debug|Win32
		{AB7F5642-6A19-477A-97A9-A75869F402A3}.Release|Win32.ActiveCfg = Release|Win32
		{AB7F5642-6A19-477A-97A9-A75869F402A3}.Release|Win32.Build.0 = Release|Win32
		{89E1E0C2-8BA2-42D1-8E9C-56FF2C75D08E}.Debug|Win32.ActiveCfg = Debug|Win32
		{89E1E0C2-8BA2-42D1-8E9C-56FF2C75D08E}.Debug|Win32.Build.0 = Debug|Win32
		{89E1E0C2-8BA2-42D1-8E9C-56FF2C75D08E}.Release|Win32.ActiveCfg = Release|Win32
		{89E1E0C2-8BA2-42D1-8E9C-56FF2C75D08E}.Release|Win32.Build.0 = Release|Win32
		{D99677BC-0381-4D64-BBFC-5672B57A54DE}.Debug|Win32.ActiveCfg = Debug|Win32
		{D99677BC-0381-4D64-BBFC-5672B57A54DE}.Debug|Win32.Build.0 = Debug|Win32
		{D99677BC-0381-4D64-BBFC-5672B57A54DE}.Release|Win32.ActiveCfg = Release|Win32
		{D99677BC-0381-4D64-BBFC-5672B57A54DE}.Release|Win32.Build.0 = Release|Win32
	EndGlobalSection
	GlobalSection(SolutionProperties) = preSolution
		HideSolutionNode = FALSE
	EndGlobalSection
EndGlobal
